// !$*UTF8*$!
{
	archiveVersion = 1;
	classes = {
	};
	objectVersion = 56;
	objects = {

/* Begin PBXBuildFile section */
		361ABF6A2B421576000C6F99 /* CaptureView.swift in Sources */ = {isa = PBXBuildFile; fileRef = 361ABF692B421576000C6F99 /* CaptureView.swift */; };
		361ABF6C2B4215D7000C6F99 /* Photo.swift in Sources */ = {isa = PBXBuildFile; fileRef = 361ABF6B2B4215D7000C6F99 /* Photo.swift */; };
		361ABF6E2B42256E000C6F99 /* InformationCard.swift in Sources */ = {isa = PBXBuildFile; fileRef = 361ABF6D2B42256E000C6F99 /* InformationCard.swift */; };
		362ABBBE2B426EF5005D8391 /* CollectionView.swift in Sources */ = {isa = PBXBuildFile; fileRef = 362ABBBD2B426EF5005D8391 /* CollectionView.swift */; };
		363F3C742B49F3630012BDC7 /* CreditsView.swift in Sources */ = {isa = PBXBuildFile; fileRef = 363F3C732B49F3630012BDC7 /* CreditsView.swift */; };
		3641EEED2B3D02AB007C6E9D /* jssource.js in Resources */ = {isa = PBXBuildFile; fileRef = 3641EEEC2B3D02AB007C6E9D /* jssource.js */; };
		3655E5592B4464E500AB6399 /* CameraView.swift in Sources */ = {isa = PBXBuildFile; fileRef = 3655E5582B4464E500AB6399 /* CameraView.swift */; };
		3655E55B2B44D5BB00AB6399 /* InstructionsView.swift in Sources */ = {isa = PBXBuildFile; fileRef = 3655E55A2B44D5BB00AB6399 /* InstructionsView.swift */; };
		3655E55D2B45CE0500AB6399 /* AppColor.swift in Sources */ = {isa = PBXBuildFile; fileRef = 3655E55C2B45CE0500AB6399 /* AppColor.swift */; };
		3659F27D2B37ABEB000E9192 /* ColorMeUpApp.swift in Sources */ = {isa = PBXBuildFile; fileRef = 3659F27C2B37ABEB000E9192 /* ColorMeUpApp.swift */; };
		3659F2832B37ABEC000E9192 /* Assets.xcassets in Resources */ = {isa = PBXBuildFile; fileRef = 3659F2822B37ABEC000E9192 /* Assets.xcassets */; };
		3659F2862B37ABEC000E9192 /* Preview Assets.xcassets in Resources */ = {isa = PBXBuildFile; fileRef = 3659F2852B37ABEC000E9192 /* Preview Assets.xcassets */; };
		3659F28D2B37AC00000E9192 /* ColorCard.swift in Sources */ = {isa = PBXBuildFile; fileRef = 3659F28C2B37AC00000E9192 /* ColorCard.swift */; };
		3659F2952B37AF55000E9192 /* ColorDetailView.swift in Sources */ = {isa = PBXBuildFile; fileRef = 3659F2942B37AF55000E9192 /* ColorDetailView.swift */; };
		3659F2972B37B70C000E9192 /* CategoryScroller.swift in Sources */ = {isa = PBXBuildFile; fileRef = 3659F2962B37B70C000E9192 /* CategoryScroller.swift */; };
		3659F2992B37D603000E9192 /* MainView.swift in Sources */ = {isa = PBXBuildFile; fileRef = 3659F2982B37D603000E9192 /* MainView.swift */; };
		3659F29B2B37D6E2000E9192 /* ProfileView.swift in Sources */ = {isa = PBXBuildFile; fileRef = 3659F29A2B37D6E2000E9192 /* ProfileView.swift */; };
		3659F29D2B37D8CA000E9192 /* SettingsView.swift in Sources */ = {isa = PBXBuildFile; fileRef = 3659F29C2B37D8CA000E9192 /* SettingsView.swift */; };
		3659F2A32B37E36F000E9192 /* GetColorFromImageView.swift in Sources */ = {isa = PBXBuildFile; fileRef = 3659F2A22B37E36F000E9192 /* GetColorFromImageView.swift */; };
		3659F2CC2B38BEFB000E9192 /* TestView.swift in Sources */ = {isa = PBXBuildFile; fileRef = 3659F2CB2B38BEFB000E9192 /* TestView.swift */; };
		3667715B2B43514900A13767 /* ColorManager.swift in Sources */ = {isa = PBXBuildFile; fileRef = 3667715A2B43514900A13767 /* ColorManager.swift */; };
		36D3D6932B3942FA008842B7 /* TestResultsView.swift in Sources */ = {isa = PBXBuildFile; fileRef = 36D3D6922B3942FA008842B7 /* TestResultsView.swift */; };
		36D6FE932B4397B900757408 /* UserColor.swift in Sources */ = {isa = PBXBuildFile; fileRef = 36D6FE922B4397B900757408 /* UserColor.swift */; };
		36D6FE952B4398D800757408 /* ManualCaptureView.swift in Sources */ = {isa = PBXBuildFile; fileRef = 36D6FE942B4398D800757408 /* ManualCaptureView.swift */; };
		36F32D622B48AB410085AACE /* IshiharaInformationView.swift in Sources */ = {isa = PBXBuildFile; fileRef = 36F32D612B48AB410085AACE /* IshiharaInformationView.swift */; };
/* End PBXBuildFile section */

/* Begin PBXFileReference section */
		361ABF692B421576000C6F99 /* CaptureView.swift */ = {isa = PBXFileReference; lastKnownFileType = sourcecode.swift; path = CaptureView.swift; sourceTree = "<group>"; };
		361ABF6B2B4215D7000C6F99 /* Photo.swift */ = {isa = PBXFileReference; lastKnownFileType = sourcecode.swift; path = Photo.swift; sourceTree = "<group>"; };
		361ABF6D2B42256E000C6F99 /* InformationCard.swift */ = {isa = PBXFileReference; lastKnownFileType = sourcecode.swift; path = InformationCard.swift; sourceTree = "<group>"; };
		362ABBBD2B426EF5005D8391 /* CollectionView.swift */ = {isa = PBXFileReference; lastKnownFileType = sourcecode.swift; path = CollectionView.swift; sourceTree = "<group>"; };
		362ABBBF2B427142005D8391 /* Info.plist */ = {isa = PBXFileReference; lastKnownFileType = text.plist; path = Info.plist; sourceTree = "<group>"; };
		363F3C732B49F3630012BDC7 /* CreditsView.swift */ = {isa = PBXFileReference; lastKnownFileType = sourcecode.swift; path = CreditsView.swift; sourceTree = "<group>"; };
		3641EEEC2B3D02AB007C6E9D /* jssource.js */ = {isa = PBXFileReference; lastKnownFileType = sourcecode.javascript; path = jssource.js; sourceTree = "<group>"; };
		3655E5582B4464E500AB6399 /* CameraView.swift */ = {isa = PBXFileReference; lastKnownFileType = sourcecode.swift; path = CameraView.swift; sourceTree = "<group>"; };
		3655E55A2B44D5BB00AB6399 /* InstructionsView.swift */ = {isa = PBXFileReference; lastKnownFileType = sourcecode.swift; path = InstructionsView.swift; sourceTree = "<group>"; };
		3655E55C2B45CE0500AB6399 /* AppColor.swift */ = {isa = PBXFileReference; lastKnownFileType = sourcecode.swift; path = AppColor.swift; sourceTree = "<group>"; };
		3659F2792B37ABEB000E9192 /* ColorMeUp.app */ = {isa = PBXFileReference; explicitFileType = wrapper.application; includeInIndex = 0; path = ColorMeUp.app; sourceTree = BUILT_PRODUCTS_DIR; };
		3659F27C2B37ABEB000E9192 /* ColorMeUpApp.swift */ = {isa = PBXFileReference; lastKnownFileType = sourcecode.swift; path = ColorMeUpApp.swift; sourceTree = "<group>"; };
		3659F2822B37ABEC000E9192 /* Assets.xcassets */ = {isa = PBXFileReference; lastKnownFileType = folder.assetcatalog; path = Assets.xcassets; sourceTree = "<group>"; };
		3659F2852B37ABEC000E9192 /* Preview Assets.xcassets */ = {isa = PBXFileReference; lastKnownFileType = folder.assetcatalog; path = "Preview Assets.xcassets"; sourceTree = "<group>"; };
		3659F28C2B37AC00000E9192 /* ColorCard.swift */ = {isa = PBXFileReference; lastKnownFileType = sourcecode.swift; path = ColorCard.swift; sourceTree = "<group>"; };
		3659F2942B37AF55000E9192 /* ColorDetailView.swift */ = {isa = PBXFileReference; lastKnownFileType = sourcecode.swift; path = ColorDetailView.swift; sourceTree = "<group>"; };
		3659F2962B37B70C000E9192 /* CategoryScroller.swift */ = {isa = PBXFileReference; lastKnownFileType = sourcecode.swift; path = CategoryScroller.swift; sourceTree = "<group>"; };
		3659F2982B37D603000E9192 /* MainView.swift */ = {isa = PBXFileReference; lastKnownFileType = sourcecode.swift; path = MainView.swift; sourceTree = "<group>"; };
		3659F29A2B37D6E2000E9192 /* ProfileView.swift */ = {isa = PBXFileReference; lastKnownFileType = sourcecode.swift; path = ProfileView.swift; sourceTree = "<group>"; };
		3659F29C2B37D8CA000E9192 /* SettingsView.swift */ = {isa = PBXFileReference; lastKnownFileType = sourcecode.swift; path = SettingsView.swift; sourceTree = "<group>"; };
		3659F2A22B37E36F000E9192 /* GetColorFromImageView.swift */ = {isa = PBXFileReference; lastKnownFileType = sourcecode.swift; path = GetColorFromImageView.swift; sourceTree = "<group>"; };
		3659F2CB2B38BEFB000E9192 /* TestView.swift */ = {isa = PBXFileReference; lastKnownFileType = sourcecode.swift; path = TestView.swift; sourceTree = "<group>"; };
		3667715A2B43514900A13767 /* ColorManager.swift */ = {isa = PBXFileReference; lastKnownFileType = sourcecode.swift; path = ColorManager.swift; sourceTree = "<group>"; };
		36D3D6922B3942FA008842B7 /* TestResultsView.swift */ = {isa = PBXFileReference; lastKnownFileType = sourcecode.swift; path = TestResultsView.swift; sourceTree = "<group>"; };
		36D6FE922B4397B900757408 /* UserColor.swift */ = {isa = PBXFileReference; lastKnownFileType = sourcecode.swift; path = UserColor.swift; sourceTree = "<group>"; };
		36D6FE942B4398D800757408 /* ManualCaptureView.swift */ = {isa = PBXFileReference; lastKnownFileType = sourcecode.swift; path = ManualCaptureView.swift; sourceTree = "<group>"; };
		36F32D612B48AB410085AACE /* IshiharaInformationView.swift */ = {isa = PBXFileReference; lastKnownFileType = sourcecode.swift; path = IshiharaInformationView.swift; sourceTree = "<group>"; };
/* End PBXFileReference section */

/* Begin PBXFrameworksBuildPhase section */
		3659F2762B37ABEB000E9192 /* Frameworks */ = {
			isa = PBXFrameworksBuildPhase;
			buildActionMask = 2147483647;
			files = (
			);
			runOnlyForDeploymentPostprocessing = 0;
		};
/* End PBXFrameworksBuildPhase section */

/* Begin PBXGroup section */
		3659F2702B37ABEB000E9192 = {
			isa = PBXGroup;
			children = (
				3659F27B2B37ABEB000E9192 /* ColorMeUp */,
				3659F27A2B37ABEB000E9192 /* Products */,
			);
			sourceTree = "<group>";
		};
		3659F27A2B37ABEB000E9192 /* Products */ = {
			isa = PBXGroup;
			children = (
				3659F2792B37ABEB000E9192 /* ColorMeUp.app */,
			);
			name = Products;
			sourceTree = "<group>";
		};
		3659F27B2B37ABEB000E9192 /* ColorMeUp */ = {
			isa = PBXGroup;
			children = (
				362ABBBF2B427142005D8391 /* Info.plist */,
				3659F27C2B37ABEB000E9192 /* ColorMeUpApp.swift */,
				36D6FE972B43D0B400757408 /* Components */,
				36D6FE962B43CFA900757408 /* Models */,
				36D6FE9A2B43D0F600757408 /* Views */,
				36D6FE982B43D0D800757408 /* Services */,
				36D6FE992B43D0E100757408 /* Scripts */,
				3659F2822B37ABEC000E9192 /* Assets.xcassets */,
				3659F2842B37ABEC000E9192 /* Preview Content */,
			);
			path = ColorMeUp;
			sourceTree = "<group>";
		};
		3659F2842B37ABEC000E9192 /* Preview Content */ = {
			isa = PBXGroup;
			children = (
				3659F2852B37ABEC000E9192 /* Preview Assets.xcassets */,
			);
			path = "Preview Content";
			sourceTree = "<group>";
		};
		36D6FE962B43CFA900757408 /* Models */ = {
			isa = PBXGroup;
			children = (
				3655E55C2B45CE0500AB6399 /* AppColor.swift */,
				36D6FE922B4397B900757408 /* UserColor.swift */,
				361ABF6B2B4215D7000C6F99 /* Photo.swift */,
			);
			path = Models;
			sourceTree = "<group>";
		};
		36D6FE972B43D0B400757408 /* Components */ = {
			isa = PBXGroup;
			children = (
				361ABF6D2B42256E000C6F99 /* InformationCard.swift */,
				3659F28C2B37AC00000E9192 /* ColorCard.swift */,
				3659F2962B37B70C000E9192 /* CategoryScroller.swift */,
			);
			path = Components;
			sourceTree = "<group>";
		};
		36D6FE982B43D0D800757408 /* Services */ = {
			isa = PBXGroup;
			children = (
				3667715A2B43514900A13767 /* ColorManager.swift */,
			);
			path = Services;
			sourceTree = "<group>";
		};
		36D6FE992B43D0E100757408 /* Scripts */ = {
			isa = PBXGroup;
			children = (
				3641EEEC2B3D02AB007C6E9D /* jssource.js */,
			);
			path = Scripts;
			sourceTree = "<group>";
		};
		36D6FE9A2B43D0F600757408 /* Views */ = {
			isa = PBXGroup;
			children = (
				3655E55A2B44D5BB00AB6399 /* InstructionsView.swift */,
				36D6FE942B4398D800757408 /* ManualCaptureView.swift */,
				362ABBBD2B426EF5005D8391 /* CollectionView.swift */,
				3659F2982B37D603000E9192 /* MainView.swift */,
				361ABF692B421576000C6F99 /* CaptureView.swift */,
				3655E5582B4464E500AB6399 /* CameraView.swift */,
				3659F2CB2B38BEFB000E9192 /* TestView.swift */,
				36D3D6922B3942FA008842B7 /* TestResultsView.swift */,
				3659F2A22B37E36F000E9192 /* GetColorFromImageView.swift */,
				3659F29A2B37D6E2000E9192 /* ProfileView.swift */,
				363F3C732B49F3630012BDC7 /* CreditsView.swift */,
				3659F29C2B37D8CA000E9192 /* SettingsView.swift */,
				36F32D612B48AB410085AACE /* IshiharaInformationView.swift */,
				3659F2942B37AF55000E9192 /* ColorDetailView.swift */,
			);
			path = Views;
			sourceTree = "<group>";
		};
/* End PBXGroup section */

/* Begin PBXNativeTarget section */
		3659F2782B37ABEB000E9192 /* ColorMeUp */ = {
			isa = PBXNativeTarget;
			buildConfigurationList = 3659F2892B37ABEC000E9192 /* Build configuration list for PBXNativeTarget "ColorMeUp" */;
			buildPhases = (
				3659F2752B37ABEB000E9192 /* Sources */,
				3659F2762B37ABEB000E9192 /* Frameworks */,
				3659F2772B37ABEB000E9192 /* Resources */,
			);
			buildRules = (
			);
			dependencies = (
			);
			name = ColorMeUp;
			packageProductDependencies = (
			);
			productName = ColorMeUp;
			productReference = 3659F2792B37ABEB000E9192 /* ColorMeUp.app */;
			productType = "com.apple.product-type.application";
		};
/* End PBXNativeTarget section */

/* Begin PBXProject section */
		3659F2712B37ABEB000E9192 /* Project object */ = {
			isa = PBXProject;
			attributes = {
				BuildIndependentTargetsInParallel = 1;
				LastSwiftUpdateCheck = 1500;
				LastUpgradeCheck = 1500;
				TargetAttributes = {
					3659F2782B37ABEB000E9192 = {
						CreatedOnToolsVersion = 15.0.1;
					};
				};
			};
			buildConfigurationList = 3659F2742B37ABEB000E9192 /* Build configuration list for PBXProject "ColorMeUp" */;
			compatibilityVersion = "Xcode 14.0";
			developmentRegion = en;
			hasScannedForEncodings = 0;
			knownRegions = (
				en,
				Base,
			);
			mainGroup = 3659F2702B37ABEB000E9192;
			packageReferences = (
			);
			productRefGroup = 3659F27A2B37ABEB000E9192 /* Products */;
			projectDirPath = "";
			projectRoot = "";
			targets = (
				3659F2782B37ABEB000E9192 /* ColorMeUp */,
			);
		};
/* End PBXProject section */

/* Begin PBXResourcesBuildPhase section */
		3659F2772B37ABEB000E9192 /* Resources */ = {
			isa = PBXResourcesBuildPhase;
			buildActionMask = 2147483647;
			files = (
				3641EEED2B3D02AB007C6E9D /* jssource.js in Resources */,
				3659F2862B37ABEC000E9192 /* Preview Assets.xcassets in Resources */,
				3659F2832B37ABEC000E9192 /* Assets.xcassets in Resources */,
			);
			runOnlyForDeploymentPostprocessing = 0;
		};
/* End PBXResourcesBuildPhase section */

/* Begin PBXSourcesBuildPhase section */
		3659F2752B37ABEB000E9192 /* Sources */ = {
			isa = PBXSourcesBuildPhase;
			buildActionMask = 2147483647;
			files = (
				3655E55B2B44D5BB00AB6399 /* InstructionsView.swift in Sources */,
				363F3C742B49F3630012BDC7 /* CreditsView.swift in Sources */,
				3655E55D2B45CE0500AB6399 /* AppColor.swift in Sources */,
				3659F2CC2B38BEFB000E9192 /* TestView.swift in Sources */,
				3659F27D2B37ABEB000E9192 /* ColorMeUpApp.swift in Sources */,
				362ABBBE2B426EF5005D8391 /* CollectionView.swift in Sources */,
				3655E5592B4464E500AB6399 /* CameraView.swift in Sources */,
				3659F2992B37D603000E9192 /* MainView.swift in Sources */,
				36D3D6932B3942FA008842B7 /* TestResultsView.swift in Sources */,
				3659F2972B37B70C000E9192 /* CategoryScroller.swift in Sources */,
				3659F2952B37AF55000E9192 /* ColorDetailView.swift in Sources */,
				361ABF6A2B421576000C6F99 /* CaptureView.swift in Sources */,
				361ABF6E2B42256E000C6F99 /* InformationCard.swift in Sources */,
				3667715B2B43514900A13767 /* ColorManager.swift in Sources */,
				361ABF6C2B4215D7000C6F99 /* Photo.swift in Sources */,
				3659F29D2B37D8CA000E9192 /* SettingsView.swift in Sources */,
				3659F29B2B37D6E2000E9192 /* ProfileView.swift in Sources */,
				36D6FE932B4397B900757408 /* UserColor.swift in Sources */,
				36D6FE952B4398D800757408 /* ManualCaptureView.swift in Sources */,
				36F32D622B48AB410085AACE /* IshiharaInformationView.swift in Sources */,
				3659F28D2B37AC00000E9192 /* ColorCard.swift in Sources */,
				3659F2A32B37E36F000E9192 /* GetColorFromImageView.swift in Sources */,
			);
			runOnlyForDeploymentPostprocessing = 0;
		};
/* End PBXSourcesBuildPhase section */

/* Begin XCBuildConfiguration section */
		3659F2872B37ABEC000E9192 /* Debug */ = {
			isa = XCBuildConfiguration;
			buildSettings = {
				ALWAYS_SEARCH_USER_PATHS = NO;
				ASSETCATALOG_COMPILER_GENERATE_SWIFT_ASSET_SYMBOL_EXTENSIONS = YES;
				CLANG_ANALYZER_NONNULL = YES;
				CLANG_ANALYZER_NUMBER_OBJECT_CONVERSION = YES_AGGRESSIVE;
				CLANG_CXX_LANGUAGE_STANDARD = "gnu++20";
				CLANG_ENABLE_MODULES = YES;
				CLANG_ENABLE_OBJC_ARC = YES;
				CLANG_ENABLE_OBJC_WEAK = YES;
				CLANG_WARN_BLOCK_CAPTURE_AUTORELEASING = YES;
				CLANG_WARN_BOOL_CONVERSION = YES;
				CLANG_WARN_COMMA = YES;
				CLANG_WARN_CONSTANT_CONVERSION = YES;
				CLANG_WARN_DEPRECATED_OBJC_IMPLEMENTATIONS = YES;
				CLANG_WARN_DIRECT_OBJC_ISA_USAGE = YES_ERROR;
				CLANG_WARN_DOCUMENTATION_COMMENTS = YES;
				CLANG_WARN_EMPTY_BODY = YES;
				CLANG_WARN_ENUM_CONVERSION = YES;
				CLANG_WARN_INFINITE_RECURSION = YES;
				CLANG_WARN_INT_CONVERSION = YES;
				CLANG_WARN_NON_LITERAL_NULL_CONVERSION = YES;
				CLANG_WARN_OBJC_IMPLICIT_RETAIN_SELF = YES;
				CLANG_WARN_OBJC_LITERAL_CONVERSION = YES;
				CLANG_WARN_OBJC_ROOT_CLASS = YES_ERROR;
				CLANG_WARN_QUOTED_INCLUDE_IN_FRAMEWORK_HEADER = YES;
				CLANG_WARN_RANGE_LOOP_ANALYSIS = YES;
				CLANG_WARN_STRICT_PROTOTYPES = YES;
				CLANG_WARN_SUSPICIOUS_MOVE = YES;
				CLANG_WARN_UNGUARDED_AVAILABILITY = YES_AGGRESSIVE;
				CLANG_WARN_UNREACHABLE_CODE = YES;
				CLANG_WARN__DUPLICATE_METHOD_MATCH = YES;
				COPY_PHASE_STRIP = NO;
				DEBUG_INFORMATION_FORMAT = dwarf;
				ENABLE_STRICT_OBJC_MSGSEND = YES;
				ENABLE_TESTABILITY = YES;
				ENABLE_USER_SCRIPT_SANDBOXING = YES;
				GCC_C_LANGUAGE_STANDARD = gnu17;
				GCC_DYNAMIC_NO_PIC = NO;
				GCC_NO_COMMON_BLOCKS = YES;
				GCC_OPTIMIZATION_LEVEL = 0;
				GCC_PREPROCESSOR_DEFINITIONS = (
					"DEBUG=1",
					"$(inherited)",
				);
				GCC_WARN_64_TO_32_BIT_CONVERSION = YES;
				GCC_WARN_ABOUT_RETURN_TYPE = YES_ERROR;
				GCC_WARN_UNDECLARED_SELECTOR = YES;
				GCC_WARN_UNINITIALIZED_AUTOS = YES_AGGRESSIVE;
				GCC_WARN_UNUSED_FUNCTION = YES;
				GCC_WARN_UNUSED_VARIABLE = YES;
				IPHONEOS_DEPLOYMENT_TARGET = 17.0;
				LOCALIZATION_PREFERS_STRING_CATALOGS = YES;
				MTL_ENABLE_DEBUG_INFO = INCLUDE_SOURCE;
				MTL_FAST_MATH = YES;
				ONLY_ACTIVE_ARCH = YES;
				SDKROOT = iphoneos;
				SWIFT_ACTIVE_COMPILATION_CONDITIONS = "DEBUG $(inherited)";
				SWIFT_OPTIMIZATION_LEVEL = "-Onone";
			};
			name = Debug;
		};
		3659F2882B37ABEC000E9192 /* Release */ = {
			isa = XCBuildConfiguration;
			buildSettings = {
				ALWAYS_SEARCH_USER_PATHS = NO;
				ASSETCATALOG_COMPILER_GENERATE_SWIFT_ASSET_SYMBOL_EXTENSIONS = YES;
				CLANG_ANALYZER_NONNULL = YES;
				CLANG_ANALYZER_NUMBER_OBJECT_CONVERSION = YES_AGGRESSIVE;
				CLANG_CXX_LANGUAGE_STANDARD = "gnu++20";
				CLANG_ENABLE_MODULES = YES;
				CLANG_ENABLE_OBJC_ARC = YES;
				CLANG_ENABLE_OBJC_WEAK = YES;
				CLANG_WARN_BLOCK_CAPTURE_AUTORELEASING = YES;
				CLANG_WARN_BOOL_CONVERSION = YES;
				CLANG_WARN_COMMA = YES;
				CLANG_WARN_CONSTANT_CONVERSION = YES;
				CLANG_WARN_DEPRECATED_OBJC_IMPLEMENTATIONS = YES;
				CLANG_WARN_DIRECT_OBJC_ISA_USAGE = YES_ERROR;
				CLANG_WARN_DOCUMENTATION_COMMENTS = YES;
				CLANG_WARN_EMPTY_BODY = YES;
				CLANG_WARN_ENUM_CONVERSION = YES;
				CLANG_WARN_INFINITE_RECURSION = YES;
				CLANG_WARN_INT_CONVERSION = YES;
				CLANG_WARN_NON_LITERAL_NULL_CONVERSION = YES;
				CLANG_WARN_OBJC_IMPLICIT_RETAIN_SELF = YES;
				CLANG_WARN_OBJC_LITERAL_CONVERSION = YES;
				CLANG_WARN_OBJC_ROOT_CLASS = YES_ERROR;
				CLANG_WARN_QUOTED_INCLUDE_IN_FRAMEWORK_HEADER = YES;
				CLANG_WARN_RANGE_LOOP_ANALYSIS = YES;
				CLANG_WARN_STRICT_PROTOTYPES = YES;
				CLANG_WARN_SUSPICIOUS_MOVE = YES;
				CLANG_WARN_UNGUARDED_AVAILABILITY = YES_AGGRESSIVE;
				CLANG_WARN_UNREACHABLE_CODE = YES;
				CLANG_WARN__DUPLICATE_METHOD_MATCH = YES;
				COPY_PHASE_STRIP = NO;
				DEBUG_INFORMATION_FORMAT = "dwarf-with-dsym";
				ENABLE_NS_ASSERTIONS = NO;
				ENABLE_STRICT_OBJC_MSGSEND = YES;
				ENABLE_USER_SCRIPT_SANDBOXING = YES;
				GCC_C_LANGUAGE_STANDARD = gnu17;
				GCC_NO_COMMON_BLOCKS = YES;
				GCC_WARN_64_TO_32_BIT_CONVERSION = YES;
				GCC_WARN_ABOUT_RETURN_TYPE = YES_ERROR;
				GCC_WARN_UNDECLARED_SELECTOR = YES;
				GCC_WARN_UNINITIALIZED_AUTOS = YES_AGGRESSIVE;
				GCC_WARN_UNUSED_FUNCTION = YES;
				GCC_WARN_UNUSED_VARIABLE = YES;
				IPHONEOS_DEPLOYMENT_TARGET = 17.0;
				LOCALIZATION_PREFERS_STRING_CATALOGS = YES;
				MTL_ENABLE_DEBUG_INFO = NO;
				MTL_FAST_MATH = YES;
				SDKROOT = iphoneos;
				SWIFT_COMPILATION_MODE = wholemodule;
				VALIDATE_PRODUCT = YES;
			};
			name = Release;
		};
		3659F28A2B37ABEC000E9192 /* Debug */ = {
			isa = XCBuildConfiguration;
			buildSettings = {
				ASSETCATALOG_COMPILER_APPICON_NAME = AppIcon;
				ASSETCATALOG_COMPILER_GLOBAL_ACCENT_COLOR_NAME = AccentColor;
				CODE_SIGN_STYLE = Automatic;
				CURRENT_PROJECT_VERSION = 1;
				DEVELOPMENT_ASSET_PATHS = "\"ColorMeUp/Preview Content\"";
				DEVELOPMENT_TEAM = 9NA6KM924Z;
				ENABLE_PREVIEWS = YES;
				GENERATE_INFOPLIST_FILE = YES;
				INFOPLIST_FILE = ColorMeUp/Info.plist;
				INFOPLIST_KEY_NSCameraUsageDescription = "This app will be using your camera";
				INFOPLIST_KEY_NSMicrophoneUsageDescription = "This app will be using your microphone";
				INFOPLIST_KEY_NSPhotoLibraryUsageDescription = "This app will be using your photo library";
				INFOPLIST_KEY_UIApplicationSceneManifest_Generation = YES;
				INFOPLIST_KEY_UIApplicationSupportsIndirectInputEvents = YES;
				INFOPLIST_KEY_UILaunchScreen_Generation = YES;
				INFOPLIST_KEY_UISupportedInterfaceOrientations_iPad = "UIInterfaceOrientationPortrait UIInterfaceOrientationPortraitUpsideDown UIInterfaceOrientationLandscapeLeft UIInterfaceOrientationLandscapeRight";
				INFOPLIST_KEY_UISupportedInterfaceOrientations_iPhone = "UIInterfaceOrientationPortrait UIInterfaceOrientationLandscapeLeft UIInterfaceOrientationLandscapeRight";
				LD_RUNPATH_SEARCH_PATHS = (
					"$(inherited)",
					"@executable_path/Frameworks",
				);
				MARKETING_VERSION = 1.0;
				PRODUCT_BUNDLE_IDENTIFIER = hankhayes.ColorMeUp;
				PRODUCT_NAME = "$(TARGET_NAME)";
				SWIFT_EMIT_LOC_STRINGS = YES;
				SWIFT_VERSION = 5.0;
				TARGETED_DEVICE_FAMILY = "1,2";
			};
			name = Debug;
		};
		3659F28B2B37ABEC000E9192 /* Release */ = {
			isa = XCBuildConfiguration;
			buildSettings = {
				ASSETCATALOG_COMPILER_APPICON_NAME = AppIcon;
				ASSETCATALOG_COMPILER_GLOBAL_ACCENT_COLOR_NAME = AccentColor;
				CODE_SIGN_STYLE = Automatic;
				CURRENT_PROJECT_VERSION = 1;
				DEVELOPMENT_ASSET_PATHS = "\"ColorMeUp/Preview Content\"";
				DEVELOPMENT_TEAM = 9NA6KM924Z;
				ENABLE_PREVIEWS = YES;
				GENERATE_INFOPLIST_FILE = YES;
				INFOPLIST_FILE = ColorMeUp/Info.plist;
				INFOPLIST_KEY_NSCameraUsageDescription = "This app will be using your camera";
				INFOPLIST_KEY_NSMicrophoneUsageDescription = "This app will be using your microphone";
				INFOPLIST_KEY_NSPhotoLibraryUsageDescription = "This app will be using your photo library";
				INFOPLIST_KEY_UIApplicationSceneManifest_Generation = YES;
				INFOPLIST_KEY_UIApplicationSupportsIndirectInputEvents = YES;
				INFOPLIST_KEY_UILaunchScreen_Generation = YES;
				INFOPLIST_KEY_UISupportedInterfaceOrientations_iPad = "UIInterfaceOrientationPortrait UIInterfaceOrientationPortraitUpsideDown UIInterfaceOrientationLandscapeLeft UIInterfaceOrientationLandscapeRight";
				INFOPLIST_KEY_UISupportedInterfaceOrientations_iPhone = "UIInterfaceOrientationPortrait UIInterfaceOrientationLandscapeLeft UIInterfaceOrientationLandscapeRight";
				LD_RUNPATH_SEARCH_PATHS = (
					"$(inherited)",
					"@executable_path/Frameworks",
				);
				MARKETING_VERSION = 1.0;
				PRODUCT_BUNDLE_IDENTIFIER = hankhayes.ColorMeUp;
				PRODUCT_NAME = "$(TARGET_NAME)";
				SWIFT_EMIT_LOC_STRINGS = YES;
				SWIFT_VERSION = 5.0;
				TARGETED_DEVICE_FAMILY = "1,2";
			};
			name = Release;
		};
/* End XCBuildConfiguration section */

/* Begin XCConfigurationList section */
		3659F2742B37ABEB000E9192 /* Build configuration list for PBXProject "ColorMeUp" */ = {
			isa = XCConfigurationList;
			buildConfigurations = (
				3659F2872B37ABEC000E9192 /* Debug */,
				3659F2882B37ABEC000E9192 /* Release */,
			);
			defaultConfigurationIsVisible = 0;
			defaultConfigurationName = Release;
		};
		3659F2892B37ABEC000E9192 /* Build configuration list for PBXNativeTarget "ColorMeUp" */ = {
			isa = XCConfigurationList;
			buildConfigurations = (
				3659F28A2B37ABEC000E9192 /* Debug */,
				3659F28B2B37ABEC000E9192 /* Release */,
			);
			defaultConfigurationIsVisible = 0;
			defaultConfigurationName = Release;
		};
/* End XCConfigurationList section */
	};
	rootObject = 3659F2712B37ABEB000E9192 /* Project object */;
}
